
Microsoft Visual Studio Solution File, Format Version 12.00
# Visual Studio Version 17
VisualStudioVersion = 17.9.34616.47
MinimumVisualStudioVersion = 10.0.40219.1
Project("{FAE04EC0-301F-11D3-BF4B-00C04F79EFBC}") = "my project", "my project\my project.csproj", "{72C2D9E8-CCD0-4258-AA88-A147264739CD}"
EndProject
Global
	GlobalSection(SolutionConfigurationPlatforms) = preSolution
		Debug|Any CPU = Debug|Any CPU
		Release|Any CPU = Release|Any CPU
	EndGlobalSection
	GlobalSection(ProjectConfigurationPlatforms) = postSolution
		{72C2D9E8-CCD0-4258-AA88-A147264739CD}.Debug|Any CPU.ActiveCfg = Debug|Any CPU
		{72C2D9E8-CCD0-4258-AA88-A147264739CD}.Debug|Any CPU.Build.0 = Debug|Any CPU
		{72C2D9E8-CCD0-4258-AA88-A147264739CD}.Release|Any CPU.ActiveCfg = Release|Any CPU
		{72C2D9E8-CCD0-4258-AA88-A147264739CD}.Release|Any CPU.Build.0 = Release|Any CPU
	EndGlobalSection
	GlobalSection(SolutionProperties) = preSolution
		HideSolutionNode = FALSE
	EndGlobalSection
	GlobalSection(ExtensibilityGlobals) = postSolution
		SolutionGuid = {593730D1-6865-4031-946F-621F7CE0EDEA}
	EndGlobalSection
EndGlobal
